# THIS IS AN AUTOGENERATED FILE. DO NOT EDIT THIS FILE DIRECTLY.
# yarn lockfile v1


"esbuild-darwin-64@0.14.0":
  "integrity" "sha512-43vtt407jMp1kEXiaY0dEIGjOREax9F1+qMI0+F9tJyr06EHAofnbLL6cTmLgdPy/pMhltSvOJ8EddJrrOBgpQ=="
  "resolved" "https://registry.npmjs.org/esbuild-darwin-64/-/esbuild-darwin-64-0.14.0.tgz"
  "version" "0.14.0"

"esbuild@^0.14.0":
  "integrity" "sha512-UOnSKRAyZondxdLrOXnI/mesUmU/GvDTcajCvxoIaObzMeQcn0HyoGtvbfATnazlx799ZqFSyIZGLXFszkjy3A=="
  "resolved" "https://registry.npmjs.org/esbuild/-/esbuild-0.14.0.tgz"
  "version" "0.14.0"
  optionalDependencies:
    "esbuild-android-arm64" "0.14.0"
    "esbuild-darwin-64" "0.14.0"
    "esbuild-darwin-arm64" "0.14.0"
    "esbuild-freebsd-64" "0.14.0"
    "esbuild-freebsd-arm64" "0.14.0"
    "esbuild-linux-32" "0.14.0"
    "esbuild-linux-64" "0.14.0"
    "esbuild-linux-arm" "0.14.0"
    "esbuild-linux-arm64" "0.14.0"
    "esbuild-linux-mips64le" "0.14.0"
    "esbuild-linux-ppc64le" "0.14.0"
    "esbuild-netbsd-64" "0.14.0"
    "esbuild-openbsd-64" "0.14.0"
    "esbuild-sunos-64" "0.14.0"
    "esbuild-windows-32" "0.14.0"
    "esbuild-windows-64" "0.14.0"
    "esbuild-windows-arm64" "0.14.0"

"pts@^0.10.6":
  "integrity" "sha512-kuQ5rmmDOo0I9LD6DxjfSVRuCUhJIrmUkoSltu057qd+yPc32CGscr6qYjuRzr69Ei+H7NDZFLBpkX4qD/rIMg=="
  "resolved" "https://registry.npmjs.org/pts/-/pts-0.10.6.tgz"
  "version" "0.10.6"
