# THIS IS AN AUTOGENERATED FILE. DO NOT EDIT THIS FILE DIRECTLY.
# yarn lockfile v1


"@nodelib/fs.scandir@2.1.5":
  version "2.1.5"
  resolved "https://registry.npmjs.org/@nodelib/fs.scandir/-/fs.scandir-2.1.5.tgz"
  dependencies:
    "@nodelib/fs.stat" "2.0.5"
    run-parallel "^1.1.9"

"@nodelib/fs.stat@2.0.5", "@nodelib/fs.stat@^2.0.2":
  version "2.0.5"
  resolved "https://registry.npmjs.org/@nodelib/fs.stat/-/fs.stat-2.0.5.tgz"

"@nodelib/fs.walk@^1.2.3":
  version "1.2.8"
  resolved "https://registry.npmjs.org/@nodelib/fs.walk/-/fs.walk-1.2.8.tgz"
  dependencies:
    "@nodelib/fs.scandir" "2.1.5"
    fastq "^1.6.0"

"@nrwl/cli@13.7.1":
  version "13.7.1"
  resolved "https://registry.npmjs.org/@nrwl/cli/-/cli-13.7.1.tgz"
  dependencies:
    "@nrwl/tao" "13.7.1"
    chalk "4.1.0"
    enquirer "~2.3.6"
    v8-compile-cache "2.3.0"
    yargs-parser "20.0.0"

"@nrwl/tao@13.7.1":
  version "13.7.1"
  resolved "https://registry.npmjs.org/@nrwl/tao/-/tao-13.7.1.tgz"
  dependencies:
    chalk "4.1.0"
    enquirer "~2.3.6"
    fast-glob "3.2.7"
    fs-extra "^9.1.0"
    ignore "^5.0.4"
    jsonc-parser "3.0.0"
    nx "13.7.1"
    rxjs "^6.5.4"
    rxjs-for-await "0.0.2"
    semver "7.3.4"
    tmp "~0.2.1"
    tslib "^2.3.0"
    yargs-parser "20.0.0"

accepts@~1.3.4:
  version "1.3.8"
  resolved "https://registry.npmjs.org/accepts/-/accepts-1.3.8.tgz"
  dependencies:
    mime-types "~2.1.34"
    negotiator "0.6.3"

ansi-colors@^4.1.1:
  version "4.1.3"
  resolved "https://registry.npmjs.org/ansi-colors/-/ansi-colors-4.1.3.tgz"

ansi-styles@^4.1.0:
  version "4.3.0"
  resolved "https://registry.npmjs.org/ansi-styles/-/ansi-styles-4.3.0.tgz"
  dependencies:
    color-convert "^2.0.1"

anymatch@^2.0.0:
  version "2.0.0"
  resolved "https://registry.npmjs.org/anymatch/-/anymatch-2.0.0.tgz"
  dependencies:
    micromatch "^3.1.4"
    normalize-path "^2.1.1"

apache-crypt@^1.1.2:
  version "1.2.5"
  resolved "https://registry.npmjs.org/apache-crypt/-/apache-crypt-1.2.5.tgz"
  dependencies:
    unix-crypt-td-js "^1.1.4"

apache-md5@^1.0.6:
  version "1.1.7"
  resolved "https://registry.npmjs.org/apache-md5/-/apache-md5-1.1.7.tgz"

arr-diff@^4.0.0:
  version "4.0.0"
  resolved "https://registry.npmjs.org/arr-diff/-/arr-diff-4.0.0.tgz"

arr-flatten@^1.1.0:
  version "1.1.0"
  resolved "https://registry.npmjs.org/arr-flatten/-/arr-flatten-1.1.0.tgz"

arr-union@^3.1.0:
  version "3.1.0"
  resolved "https://registry.npmjs.org/arr-union/-/arr-union-3.1.0.tgz"

array-unique@^0.3.2:
  version "0.3.2"
  resolved "https://registry.npmjs.org/array-unique/-/array-unique-0.3.2.tgz"

assign-symbols@^1.0.0:
  version "1.0.0"
  resolved "https://registry.npmjs.org/assign-symbols/-/assign-symbols-1.0.0.tgz"

async-each@^1.0.1:
  version "1.0.3"
  resolved "https://registry.npmjs.org/async-each/-/async-each-1.0.3.tgz"

at-least-node@^1.0.0:
  version "1.0.0"
  resolved "https://registry.npmjs.org/at-least-node/-/at-least-node-1.0.0.tgz"

atob@^2.1.2:
  version "2.1.2"
  resolved "https://registry.npmjs.org/atob/-/atob-2.1.2.tgz"

balanced-match@^1.0.0:
  version "1.0.2"
  resolved "https://registry.npmjs.org/balanced-match/-/balanced-match-1.0.2.tgz"

base@^0.11.1:
  version "0.11.2"
  resolved "https://registry.npmjs.org/base/-/base-0.11.2.tgz"
  dependencies:
    cache-base "^1.0.1"
    class-utils "^0.3.5"
    component-emitter "^1.2.1"
    define-property "^1.0.0"
    isobject "^3.0.1"
    mixin-deep "^1.2.0"
    pascalcase "^0.1.1"

basic-auth@~2.0.1:
  version "2.0.1"
  resolved "https://registry.npmjs.org/basic-auth/-/basic-auth-2.0.1.tgz"
  dependencies:
    safe-buffer "5.1.2"

batch@0.6.1:
  version "0.6.1"
  resolved "https://registry.npmjs.org/batch/-/batch-0.6.1.tgz"

bcryptjs@^2.3.0:
  version "2.4.3"
  resolved "https://registry.npmjs.org/bcryptjs/-/bcryptjs-2.4.3.tgz"

binary-extensions@^1.0.0:
  version "1.13.1"
  resolved "https://registry.npmjs.org/binary-extensions/-/binary-extensions-1.13.1.tgz"

bindings@^1.5.0:
  version "1.5.0"
  resolved "https://registry.npmjs.org/bindings/-/bindings-1.5.0.tgz"
  dependencies:
    file-uri-to-path "1.0.0"

brace-expansion@^1.1.7:
  version "1.1.11"
  resolved "https://registry.npmjs.org/brace-expansion/-/brace-expansion-1.1.11.tgz"
  dependencies:
    balanced-match "^1.0.0"
    concat-map "0.0.1"

braces@^2.3.1, braces@^2.3.2:
  version "2.3.2"
  resolved "https://registry.npmjs.org/braces/-/braces-2.3.2.tgz"
  dependencies:
    arr-flatten "^1.1.0"
    array-unique "^0.3.2"
    extend-shallow "^2.0.1"
    fill-range "^4.0.0"
    isobject "^3.0.1"
    repeat-element "^1.1.2"
    snapdragon "^0.8.1"
    snapdragon-node "^2.0.1"
    split-string "^3.0.2"
    to-regex "^3.0.1"

braces@^3.0.2:
  version "3.0.2"
  resolved "https://registry.npmjs.org/braces/-/braces-3.0.2.tgz"
  dependencies:
    fill-range "^7.0.1"

cache-base@^1.0.1:
  version "1.0.1"
  resolved "https://registry.npmjs.org/cache-base/-/cache-base-1.0.1.tgz"
  dependencies:
    collection-visit "^1.0.0"
    component-emitter "^1.2.1"
    get-value "^2.0.6"
    has-value "^1.0.0"
    isobject "^3.0.1"
    set-value "^2.0.0"
    to-object-path "^0.3.0"
    union-value "^1.0.0"
    unset-value "^1.0.0"

chalk@4.1.0:
  version "4.1.0"
  resolved "https://registry.npmjs.org/chalk/-/chalk-4.1.0.tgz"
  dependencies:
    ansi-styles "^4.1.0"
    supports-color "^7.1.0"

chokidar@^2.0.4:
  version "2.1.8"
  resolved "https://registry.npmjs.org/chokidar/-/chokidar-2.1.8.tgz"
  dependencies:
    anymatch "^2.0.0"
    async-each "^1.0.1"
    braces "^2.3.2"
    glob-parent "^3.1.0"
    inherits "^2.0.3"
    is-binary-path "^1.0.0"
    is-glob "^4.0.0"
    normalize-path "^3.0.0"
    path-is-absolute "^1.0.0"
    readdirp "^2.2.1"
    upath "^1.1.1"
  optionalDependencies:
    fsevents "^1.2.7"

class-utils@^0.3.5:
  version "0.3.6"
  resolved "https://registry.npmjs.org/class-utils/-/class-utils-0.3.6.tgz"
  dependencies:
    arr-union "^3.1.0"
    define-property "^0.2.5"
    isobject "^3.0.0"
    static-extend "^0.1.1"

collection-visit@^1.0.0:
  version "1.0.0"
  resolved "https://registry.npmjs.org/collection-visit/-/collection-visit-1.0.0.tgz"
  dependencies:
    map-visit "^1.0.0"
    object-visit "^1.0.0"

color-convert@^2.0.1:
  version "2.0.1"
  resolved "https://registry.npmjs.org/color-convert/-/color-convert-2.0.1.tgz"
  dependencies:
    color-name "~1.1.4"

color-name@~1.1.4:
  version "1.1.4"
  resolved "https://registry.npmjs.org/color-name/-/color-name-1.1.4.tgz"

colors@1.4.0:
  version "1.4.0"
  resolved "https://registry.npmjs.org/colors/-/colors-1.4.0.tgz"

component-emitter@^1.2.1:
  version "1.3.0"
  resolved "https://registry.npmjs.org/component-emitter/-/component-emitter-1.3.0.tgz"

concat-map@0.0.1:
  version "0.0.1"
  resolved "https://registry.npmjs.org/concat-map/-/concat-map-0.0.1.tgz"

connect@^3.6.6:
  version "3.7.0"
  resolved "https://registry.npmjs.org/connect/-/connect-3.7.0.tgz"
  dependencies:
    debug "2.6.9"
    finalhandler "1.1.2"
    parseurl "~1.3.3"
    utils-merge "1.0.1"

copy-descriptor@^0.1.0:
  version "0.1.1"
  resolved "https://registry.npmjs.org/copy-descriptor/-/copy-descriptor-0.1.1.tgz"

core-util-is@~1.0.0:
  version "1.0.3"
  resolved "https://registry.npmjs.org/core-util-is/-/core-util-is-1.0.3.tgz"

cors@latest:
  version "2.8.5"
  resolved "https://registry.npmjs.org/cors/-/cors-2.8.5.tgz"
  dependencies:
    object-assign "^4"
    vary "^1"

debug@2.6.9, debug@^2.2.0, debug@^2.3.3:
  version "2.6.9"
  resolved "https://registry.npmjs.org/debug/-/debug-2.6.9.tgz"
  dependencies:
    ms "2.0.0"

decode-uri-component@^0.2.0:
  version "0.2.2"
  resolved "https://registry.yarnpkg.com/decode-uri-component/-/decode-uri-component-0.2.2.tgz#e69dbe25d37941171dd540e024c444cd5188e1e9"

define-property@^0.2.5:
  version "0.2.5"
  resolved "https://registry.npmjs.org/define-property/-/define-property-0.2.5.tgz"
  dependencies:
    is-descriptor "^0.1.0"

define-property@^1.0.0:
  version "1.0.0"
  resolved "https://registry.npmjs.org/define-property/-/define-property-1.0.0.tgz"
  dependencies:
    is-descriptor "^1.0.0"

define-property@^2.0.2:
  version "2.0.2"
  resolved "https://registry.npmjs.org/define-property/-/define-property-2.0.2.tgz"
  dependencies:
    is-descriptor "^1.0.2"
    isobject "^3.0.1"

depd@2.0.0, depd@~2.0.0:
  version "2.0.0"
  resolved "https://registry.npmjs.org/depd/-/depd-2.0.0.tgz"

depd@~1.1.2:
  version "1.1.2"
  resolved "https://registry.npmjs.org/depd/-/depd-1.1.2.tgz"

destroy@1.2.0:
  version "1.2.0"
  resolved "https://registry.npmjs.org/destroy/-/destroy-1.2.0.tgz"

duplexer@~0.1.1:
  version "0.1.2"
  resolved "https://registry.npmjs.org/duplexer/-/duplexer-0.1.2.tgz"

ee-first@1.1.1:
  version "1.1.1"
  resolved "https://registry.npmjs.org/ee-first/-/ee-first-1.1.1.tgz"

encodeurl@~1.0.2:
  version "1.0.2"
  resolved "https://registry.npmjs.org/encodeurl/-/encodeurl-1.0.2.tgz"

enquirer@~2.3.6:
  version "2.3.6"
  resolved "https://registry.npmjs.org/enquirer/-/enquirer-2.3.6.tgz"
  dependencies:
    ansi-colors "^4.1.1"

esbuild-android-arm64@0.14.0:
  version "0.14.0"
  resolved "https://registry.yarnpkg.com/esbuild-android-arm64/-/esbuild-android-arm64-0.14.0.tgz#fac7e9a207714a699283578e1c8106689e52fad9"

esbuild-darwin-64@0.14.0:
  version "0.14.0"
  resolved "https://registry.npmjs.org/esbuild-darwin-64/-/esbuild-darwin-64-0.14.0.tgz"

esbuild-darwin-arm64@0.14.0:
  version "0.14.0"
  resolved "https://registry.yarnpkg.com/esbuild-darwin-arm64/-/esbuild-darwin-arm64-0.14.0.tgz#644efb31fb27e291465e24757b3194d36aa2eb7d"

esbuild-freebsd-64@0.14.0:
  version "0.14.0"
  resolved "https://registry.yarnpkg.com/esbuild-freebsd-64/-/esbuild-freebsd-64-0.14.0.tgz#c74755b5f8a8a9a2acf19d49236ac7c18c548f71"

esbuild-freebsd-arm64@0.14.0:
  version "0.14.0"
  resolved "https://registry.yarnpkg.com/esbuild-freebsd-arm64/-/esbuild-freebsd-arm64-0.14.0.tgz#b778a66b4fc6a0d0b91e2e2333620658724b45ef"

esbuild-linux-32@0.14.0:
  version "0.14.0"
  resolved "https://registry.yarnpkg.com/esbuild-linux-32/-/esbuild-linux-32-0.14.0.tgz#64bfaa635a8f4d6f2fea62cc8c2466f5a926b221"

esbuild-linux-64@0.14.0:
  version "0.14.0"
  resolved "https://registry.yarnpkg.com/esbuild-linux-64/-/esbuild-linux-64-0.14.0.tgz#0e2714bd90cfc4afffcfee896d67763a03410d61"

esbuild-linux-arm64@0.14.0:
  version "0.14.0"
  resolved "https://registry.yarnpkg.com/esbuild-linux-arm64/-/esbuild-linux-arm64-0.14.0.tgz#008ddc7c37e9bfc0cc8902310a728f8b8bfdf002"

esbuild-linux-arm@0.14.0:
  version "0.14.0"
  resolved "https://registry.yarnpkg.com/esbuild-linux-arm/-/esbuild-linux-arm-0.14.0.tgz#f8e3f91797eb291e7f8c1c867826e408804ece75"

esbuild-linux-mips64le@0.14.0:
  version "0.14.0"
  resolved "https://registry.yarnpkg.com/esbuild-linux-mips64le/-/esbuild-linux-mips64le-0.14.0.tgz#e2e3a2f3b4adf3ec64bcc43e21dd19105ff5ccab"

esbuild-linux-ppc64le@0.14.0:
  version "0.14.0"
  resolved "https://registry.yarnpkg.com/esbuild-linux-ppc64le/-/esbuild-linux-ppc64le-0.14.0.tgz#8a13f6e5257e19b62e7c28762f3cc742d56f3e1c"

esbuild-netbsd-64@0.14.0:
  version "0.14.0"
  resolved "https://registry.yarnpkg.com/esbuild-netbsd-64/-/esbuild-netbsd-64-0.14.0.tgz#e76051ea739efa5be7a5979f212882c8d9e1b7db"

esbuild-openbsd-64@0.14.0:
  version "0.14.0"
  resolved "https://registry.yarnpkg.com/esbuild-openbsd-64/-/esbuild-openbsd-64-0.14.0.tgz#2d8c0689731605c68da816ac40095a1685c12e11"

esbuild-sunos-64@0.14.0:
  version "0.14.0"
  resolved "https://registry.yarnpkg.com/esbuild-sunos-64/-/esbuild-sunos-64-0.14.0.tgz#62b2a27cdc8d0ac150d4d15857e764652960d2b6"

esbuild-windows-32@0.14.0:
  version "0.14.0"
  resolved "https://registry.yarnpkg.com/esbuild-windows-32/-/esbuild-windows-32-0.14.0.tgz#364a1d1558b0a2351997c1aa7fd4408428eb78ab"

esbuild-windows-64@0.14.0:
  version "0.14.0"
  resolved "https://registry.yarnpkg.com/esbuild-windows-64/-/esbuild-windows-64-0.14.0.tgz#e0db336f5c614f1b8dfacc0720cb0d30e118b36d"

esbuild-windows-arm64@0.14.0:
  version "0.14.0"
  resolved "https://registry.yarnpkg.com/esbuild-windows-arm64/-/esbuild-windows-arm64-0.14.0.tgz#5ddc6134e766da3c7b62a9a463e91ad3127483b5"

esbuild@^0.14.0:
  version "0.14.0"
  resolved "https://registry.npmjs.org/esbuild/-/esbuild-0.14.0.tgz"
  optionalDependencies:
    esbuild-android-arm64 "0.14.0"
    esbuild-darwin-64 "0.14.0"
    esbuild-darwin-arm64 "0.14.0"
    esbuild-freebsd-64 "0.14.0"
    esbuild-freebsd-arm64 "0.14.0"
    esbuild-linux-32 "0.14.0"
    esbuild-linux-64 "0.14.0"
    esbuild-linux-arm "0.14.0"
    esbuild-linux-arm64 "0.14.0"
    esbuild-linux-mips64le "0.14.0"
    esbuild-linux-ppc64le "0.14.0"
    esbuild-netbsd-64 "0.14.0"
    esbuild-openbsd-64 "0.14.0"
    esbuild-sunos-64 "0.14.0"
    esbuild-windows-32 "0.14.0"
    esbuild-windows-64 "0.14.0"
    esbuild-windows-arm64 "0.14.0"

escape-html@~1.0.3:
  version "1.0.3"
  resolved "https://registry.npmjs.org/escape-html/-/escape-html-1.0.3.tgz"

etag@~1.8.1:
  version "1.8.1"
  resolved "https://registry.npmjs.org/etag/-/etag-1.8.1.tgz"

event-stream@3.3.4:
  version "3.3.4"
  resolved "https://registry.npmjs.org/event-stream/-/event-stream-3.3.4.tgz"
  dependencies:
    duplexer "~0.1.1"
    from "~0"
    map-stream "~0.1.0"
    pause-stream "0.0.11"
    split "0.3"
    stream-combiner "~0.0.4"
    through "~2.3.1"

expand-brackets@^2.1.4:
  version "2.1.4"
  resolved "https://registry.npmjs.org/expand-brackets/-/expand-brackets-2.1.4.tgz"
  dependencies:
    debug "^2.3.3"
    define-property "^0.2.5"
    extend-shallow "^2.0.1"
    posix-character-classes "^0.1.0"
    regex-not "^1.0.0"
    snapdragon "^0.8.1"
    to-regex "^3.0.1"

extend-shallow@^2.0.1:
  version "2.0.1"
  resolved "https://registry.npmjs.org/extend-shallow/-/extend-shallow-2.0.1.tgz"
  dependencies:
    is-extendable "^0.1.0"

extend-shallow@^3.0.0, extend-shallow@^3.0.2:
  version "3.0.2"
  resolved "https://registry.npmjs.org/extend-shallow/-/extend-shallow-3.0.2.tgz"
  dependencies:
    assign-symbols "^1.0.0"
    is-extendable "^1.0.1"

extglob@^2.0.4:
  version "2.0.4"
  resolved "https://registry.npmjs.org/extglob/-/extglob-2.0.4.tgz"
  dependencies:
    array-unique "^0.3.2"
    define-property "^1.0.0"
    expand-brackets "^2.1.4"
    extend-shallow "^2.0.1"
    fragment-cache "^0.2.1"
    regex-not "^1.0.0"
    snapdragon "^0.8.1"
    to-regex "^3.0.1"

fast-glob@3.2.7:
  version "3.2.7"
  resolved "https://registry.npmjs.org/fast-glob/-/fast-glob-3.2.7.tgz"
  dependencies:
    "@nodelib/fs.stat" "^2.0.2"
    "@nodelib/fs.walk" "^1.2.3"
    glob-parent "^5.1.2"
    merge2 "^1.3.0"
    micromatch "^4.0.4"

fastq@^1.6.0:
  version "1.13.0"
  resolved "https://registry.npmjs.org/fastq/-/fastq-1.13.0.tgz"
  dependencies:
    reusify "^1.0.4"

faye-websocket@0.11.x:
  version "0.11.4"
  resolved "https://registry.npmjs.org/faye-websocket/-/faye-websocket-0.11.4.tgz"
  dependencies:
    websocket-driver ">=0.5.1"

file-uri-to-path@1.0.0:
  version "1.0.0"
  resolved "https://registry.npmjs.org/file-uri-to-path/-/file-uri-to-path-1.0.0.tgz"

fill-range@^4.0.0:
  version "4.0.0"
  resolved "https://registry.npmjs.org/fill-range/-/fill-range-4.0.0.tgz"
  dependencies:
    extend-shallow "^2.0.1"
    is-number "^3.0.0"
    repeat-string "^1.6.1"
    to-regex-range "^2.1.0"

fill-range@^7.0.1:
  version "7.0.1"
  resolved "https://registry.npmjs.org/fill-range/-/fill-range-7.0.1.tgz"
  dependencies:
    to-regex-range "^5.0.1"

finalhandler@1.1.2:
  version "1.1.2"
  resolved "https://registry.npmjs.org/finalhandler/-/finalhandler-1.1.2.tgz"
  dependencies:
    debug "2.6.9"
    encodeurl "~1.0.2"
    escape-html "~1.0.3"
    on-finished "~2.3.0"
    parseurl "~1.3.3"
    statuses "~1.5.0"
    unpipe "~1.0.0"

for-in@^1.0.2:
  version "1.0.2"
  resolved "https://registry.npmjs.org/for-in/-/for-in-1.0.2.tgz"

fragment-cache@^0.2.1:
  version "0.2.1"
  resolved "https://registry.npmjs.org/fragment-cache/-/fragment-cache-0.2.1.tgz"
  dependencies:
    map-cache "^0.2.2"

fresh@0.5.2:
  version "0.5.2"
  resolved "https://registry.npmjs.org/fresh/-/fresh-0.5.2.tgz"

from@~0:
  version "0.1.7"
  resolved "https://registry.npmjs.org/from/-/from-0.1.7.tgz"

fs-extra@^9.1.0:
  version "9.1.0"
  resolved "https://registry.npmjs.org/fs-extra/-/fs-extra-9.1.0.tgz"
  dependencies:
    at-least-node "^1.0.0"
    graceful-fs "^4.2.0"
    jsonfile "^6.0.1"
    universalify "^2.0.0"

fs.realpath@^1.0.0:
  version "1.0.0"
  resolved "https://registry.npmjs.org/fs.realpath/-/fs.realpath-1.0.0.tgz"

fsevents@^1.2.7:
  version "1.2.13"
  resolved "https://registry.npmjs.org/fsevents/-/fsevents-1.2.13.tgz"
  dependencies:
    bindings "^1.5.0"
    nan "^2.12.1"

get-value@^2.0.3, get-value@^2.0.6:
  version "2.0.6"
  resolved "https://registry.npmjs.org/get-value/-/get-value-2.0.6.tgz"

glob-parent@^3.1.0:
  version "3.1.0"
  resolved "https://registry.npmjs.org/glob-parent/-/glob-parent-3.1.0.tgz"
  dependencies:
    is-glob "^3.1.0"
    path-dirname "^1.0.0"

glob-parent@^5.1.2:
  version "5.1.2"
  resolved "https://registry.npmjs.org/glob-parent/-/glob-parent-5.1.2.tgz"
  dependencies:
    is-glob "^4.0.1"

glob@^7.1.3:
  version "7.2.3"
  resolved "https://registry.npmjs.org/glob/-/glob-7.2.3.tgz"
  dependencies:
    fs.realpath "^1.0.0"
    inflight "^1.0.4"
    inherits "2"
    minimatch "^3.1.1"
    once "^1.3.0"
    path-is-absolute "^1.0.0"

graceful-fs@^4.1.11, graceful-fs@^4.1.6, graceful-fs@^4.2.0:
  version "4.2.10"
  resolved "https://registry.npmjs.org/graceful-fs/-/graceful-fs-4.2.10.tgz"

has-flag@^4.0.0:
  version "4.0.0"
  resolved "https://registry.npmjs.org/has-flag/-/has-flag-4.0.0.tgz"

has-value@^0.3.1:
  version "0.3.1"
  resolved "https://registry.npmjs.org/has-value/-/has-value-0.3.1.tgz"
  dependencies:
    get-value "^2.0.3"
    has-values "^0.1.4"
    isobject "^2.0.0"

has-value@^1.0.0:
  version "1.0.0"
  resolved "https://registry.npmjs.org/has-value/-/has-value-1.0.0.tgz"
  dependencies:
    get-value "^2.0.6"
    has-values "^1.0.0"
    isobject "^3.0.0"

has-values@^0.1.4:
  version "0.1.4"
  resolved "https://registry.npmjs.org/has-values/-/has-values-0.1.4.tgz"

has-values@^1.0.0:
  version "1.0.0"
  resolved "https://registry.npmjs.org/has-values/-/has-values-1.0.0.tgz"
  dependencies:
    is-number "^3.0.0"
    kind-of "^4.0.0"

http-auth@3.1.x:
  version "3.1.3"
  resolved "https://registry.npmjs.org/http-auth/-/http-auth-3.1.3.tgz"
  dependencies:
    apache-crypt "^1.1.2"
    apache-md5 "^1.0.6"
    bcryptjs "^2.3.0"
    uuid "^3.0.0"

http-errors@2.0.0:
  version "2.0.0"
  resolved "https://registry.npmjs.org/http-errors/-/http-errors-2.0.0.tgz"
  dependencies:
    depd "2.0.0"
    inherits "2.0.4"
    setprototypeof "1.2.0"
    statuses "2.0.1"
    toidentifier "1.0.1"

http-errors@~1.6.2:
  version "1.6.3"
  resolved "https://registry.npmjs.org/http-errors/-/http-errors-1.6.3.tgz"
  dependencies:
    depd "~1.1.2"
    inherits "2.0.3"
    setprototypeof "1.1.0"
    statuses ">= 1.4.0 < 2"

http-parser-js@>=0.5.1:
  version "0.5.8"
  resolved "https://registry.npmjs.org/http-parser-js/-/http-parser-js-0.5.8.tgz"

ignore@^5.0.4:
  version "5.2.0"
  resolved "https://registry.npmjs.org/ignore/-/ignore-5.2.0.tgz"

inflight@^1.0.4:
  version "1.0.6"
  resolved "https://registry.npmjs.org/inflight/-/inflight-1.0.6.tgz"
  dependencies:
    once "^1.3.0"
    wrappy "1"

inherits@2, inherits@2.0.4, inherits@^2.0.3, inherits@~2.0.3:
  version "2.0.4"
  resolved "https://registry.npmjs.org/inherits/-/inherits-2.0.4.tgz"

inherits@2.0.3:
  version "2.0.3"
  resolved "https://registry.npmjs.org/inherits/-/inherits-2.0.3.tgz"

is-accessor-descriptor@^0.1.6:
  version "0.1.6"
  resolved "https://registry.npmjs.org/is-accessor-descriptor/-/is-accessor-descriptor-0.1.6.tgz"
  dependencies:
    kind-of "^3.0.2"

is-accessor-descriptor@^1.0.0:
  version "1.0.0"
  resolved "https://registry.npmjs.org/is-accessor-descriptor/-/is-accessor-descriptor-1.0.0.tgz"
  dependencies:
    kind-of "^6.0.0"

is-binary-path@^1.0.0:
  version "1.0.1"
  resolved "https://registry.npmjs.org/is-binary-path/-/is-binary-path-1.0.1.tgz"
  dependencies:
    binary-extensions "^1.0.0"

is-buffer@^1.1.5:
  version "1.1.6"
  resolved "https://registry.npmjs.org/is-buffer/-/is-buffer-1.1.6.tgz"

is-data-descriptor@^0.1.4:
  version "0.1.4"
  resolved "https://registry.npmjs.org/is-data-descriptor/-/is-data-descriptor-0.1.4.tgz"
  dependencies:
    kind-of "^3.0.2"

is-data-descriptor@^1.0.0:
  version "1.0.0"
  resolved "https://registry.npmjs.org/is-data-descriptor/-/is-data-descriptor-1.0.0.tgz"
  dependencies:
    kind-of "^6.0.0"

is-descriptor@^0.1.0:
  version "0.1.6"
  resolved "https://registry.npmjs.org/is-descriptor/-/is-descriptor-0.1.6.tgz"
  dependencies:
    is-accessor-descriptor "^0.1.6"
    is-data-descriptor "^0.1.4"
    kind-of "^5.0.0"

is-descriptor@^1.0.0, is-descriptor@^1.0.2:
  version "1.0.2"
  resolved "https://registry.npmjs.org/is-descriptor/-/is-descriptor-1.0.2.tgz"
  dependencies:
    is-accessor-descriptor "^1.0.0"
    is-data-descriptor "^1.0.0"
    kind-of "^6.0.2"

is-extendable@^0.1.0, is-extendable@^0.1.1:
  version "0.1.1"
  resolved "https://registry.npmjs.org/is-extendable/-/is-extendable-0.1.1.tgz"

is-extendable@^1.0.1:
  version "1.0.1"
  resolved "https://registry.npmjs.org/is-extendable/-/is-extendable-1.0.1.tgz"
  dependencies:
    is-plain-object "^2.0.4"

is-extglob@^2.1.0, is-extglob@^2.1.1:
  version "2.1.1"
  resolved "https://registry.npmjs.org/is-extglob/-/is-extglob-2.1.1.tgz"

is-glob@^3.1.0:
  version "3.1.0"
  resolved "https://registry.npmjs.org/is-glob/-/is-glob-3.1.0.tgz"
  dependencies:
    is-extglob "^2.1.0"

is-glob@^4.0.0, is-glob@^4.0.1:
  version "4.0.3"
  resolved "https://registry.npmjs.org/is-glob/-/is-glob-4.0.3.tgz"
  dependencies:
    is-extglob "^2.1.1"

is-number@^3.0.0:
  version "3.0.0"
  resolved "https://registry.npmjs.org/is-number/-/is-number-3.0.0.tgz"
  dependencies:
    kind-of "^3.0.2"

is-number@^7.0.0:
  version "7.0.0"
  resolved "https://registry.npmjs.org/is-number/-/is-number-7.0.0.tgz"

is-plain-object@^2.0.3, is-plain-object@^2.0.4:
  version "2.0.4"
  resolved "https://registry.npmjs.org/is-plain-object/-/is-plain-object-2.0.4.tgz"
  dependencies:
    isobject "^3.0.1"

is-windows@^1.0.2:
  version "1.0.2"
  resolved "https://registry.npmjs.org/is-windows/-/is-windows-1.0.2.tgz"

is-wsl@^1.1.0:
  version "1.1.0"
  resolved "https://registry.npmjs.org/is-wsl/-/is-wsl-1.1.0.tgz"

isarray@1.0.0, isarray@~1.0.0:
  version "1.0.0"
  resolved "https://registry.npmjs.org/isarray/-/isarray-1.0.0.tgz"

isobject@^2.0.0:
  version "2.1.0"
  resolved "https://registry.npmjs.org/isobject/-/isobject-2.1.0.tgz"
  dependencies:
    isarray "1.0.0"

isobject@^3.0.0, isobject@^3.0.1:
  version "3.0.1"
  resolved "https://registry.npmjs.org/isobject/-/isobject-3.0.1.tgz"

jsonc-parser@3.0.0:
  version "3.0.0"
  resolved "https://registry.npmjs.org/jsonc-parser/-/jsonc-parser-3.0.0.tgz"

jsonfile@^6.0.1:
  version "6.1.0"
  resolved "https://registry.npmjs.org/jsonfile/-/jsonfile-6.1.0.tgz"
  dependencies:
    universalify "^2.0.0"
  optionalDependencies:
    graceful-fs "^4.1.6"

kind-of@^3.0.2, kind-of@^3.0.3, kind-of@^3.2.0:
  version "3.2.2"
  resolved "https://registry.npmjs.org/kind-of/-/kind-of-3.2.2.tgz"
  dependencies:
    is-buffer "^1.1.5"

kind-of@^4.0.0:
  version "4.0.0"
  resolved "https://registry.npmjs.org/kind-of/-/kind-of-4.0.0.tgz"
  dependencies:
    is-buffer "^1.1.5"

kind-of@^5.0.0:
  version "5.1.0"
  resolved "https://registry.npmjs.org/kind-of/-/kind-of-5.1.0.tgz"

kind-of@^6.0.0, kind-of@^6.0.2:
  version "6.0.3"
  resolved "https://registry.npmjs.org/kind-of/-/kind-of-6.0.3.tgz"

live-server@^1.2.2:
  version "1.2.2"
  resolved "https://registry.npmjs.org/live-server/-/live-server-1.2.2.tgz"
  dependencies:
    chokidar "^2.0.4"
    colors "1.4.0"
    connect "^3.6.6"
    cors latest
    event-stream "3.3.4"
    faye-websocket "0.11.x"
    http-auth "3.1.x"
    morgan "^1.9.1"
    object-assign latest
    opn latest
    proxy-middleware latest
    send latest
    serve-index "^1.9.1"

lru-cache@^6.0.0:
  version "6.0.0"
  resolved "https://registry.npmjs.org/lru-cache/-/lru-cache-6.0.0.tgz"
  dependencies:
    yallist "^4.0.0"

map-cache@^0.2.2:
  version "0.2.2"
  resolved "https://registry.npmjs.org/map-cache/-/map-cache-0.2.2.tgz"

map-stream@~0.1.0:
  version "0.1.0"
  resolved "https://registry.npmjs.org/map-stream/-/map-stream-0.1.0.tgz"

map-visit@^1.0.0:
  version "1.0.0"
  resolved "https://registry.npmjs.org/map-visit/-/map-visit-1.0.0.tgz"
  dependencies:
    object-visit "^1.0.0"

merge2@^1.3.0:
  version "1.4.1"
  resolved "https://registry.npmjs.org/merge2/-/merge2-1.4.1.tgz"

micromatch@^3.1.10, micromatch@^3.1.4:
  version "3.1.10"
  resolved "https://registry.npmjs.org/micromatch/-/micromatch-3.1.10.tgz"
  dependencies:
    arr-diff "^4.0.0"
    array-unique "^0.3.2"
    braces "^2.3.1"
    define-property "^2.0.2"
    extend-shallow "^3.0.2"
    extglob "^2.0.4"
    fragment-cache "^0.2.1"
    kind-of "^6.0.2"
    nanomatch "^1.2.9"
    object.pick "^1.3.0"
    regex-not "^1.0.0"
    snapdragon "^0.8.1"
    to-regex "^3.0.2"

micromatch@^4.0.4:
  version "4.0.5"
  resolved "https://registry.npmjs.org/micromatch/-/micromatch-4.0.5.tgz"
  dependencies:
    braces "^3.0.2"
    picomatch "^2.3.1"

mime-db@1.52.0:
  version "1.52.0"
  resolved "https://registry.npmjs.org/mime-db/-/mime-db-1.52.0.tgz"

mime-types@~2.1.17, mime-types@~2.1.34:
  version "2.1.35"
  resolved "https://registry.npmjs.org/mime-types/-/mime-types-2.1.35.tgz"
  dependencies:
    mime-db "1.52.0"

mime@1.6.0:
  version "1.6.0"
  resolved "https://registry.npmjs.org/mime/-/mime-1.6.0.tgz"

minimatch@^3.1.1:
  version "3.1.2"
  resolved "https://registry.npmjs.org/minimatch/-/minimatch-3.1.2.tgz"
  dependencies:
    brace-expansion "^1.1.7"

mixin-deep@^1.2.0:
  version "1.3.2"
  resolved "https://registry.npmjs.org/mixin-deep/-/mixin-deep-1.3.2.tgz"
  dependencies:
    for-in "^1.0.2"
    is-extendable "^1.0.1"

morgan@^1.9.1:
  version "1.10.0"
  resolved "https://registry.npmjs.org/morgan/-/morgan-1.10.0.tgz"
  dependencies:
    basic-auth "~2.0.1"
    debug "2.6.9"
    depd "~2.0.0"
    on-finished "~2.3.0"
    on-headers "~1.0.2"

ms@2.0.0:
  version "2.0.0"
  resolved "https://registry.npmjs.org/ms/-/ms-2.0.0.tgz"

ms@2.1.3:
  version "2.1.3"
  resolved "https://registry.npmjs.org/ms/-/ms-2.1.3.tgz"

nan@^2.12.1:
  version "2.16.0"
  resolved "https://registry.npmjs.org/nan/-/nan-2.16.0.tgz"

nanomatch@^1.2.9:
  version "1.2.13"
  resolved "https://registry.npmjs.org/nanomatch/-/nanomatch-1.2.13.tgz"
  dependencies:
    arr-diff "^4.0.0"
    array-unique "^0.3.2"
    define-property "^2.0.2"
    extend-shallow "^3.0.2"
    fragment-cache "^0.2.1"
    is-windows "^1.0.2"
    kind-of "^6.0.2"
    object.pick "^1.3.0"
    regex-not "^1.0.0"
    snapdragon "^0.8.1"
    to-regex "^3.0.1"

negotiator@0.6.3:
  version "0.6.3"
  resolved "https://registry.npmjs.org/negotiator/-/negotiator-0.6.3.tgz"

normalize-path@^2.1.1:
  version "2.1.1"
  resolved "https://registry.npmjs.org/normalize-path/-/normalize-path-2.1.1.tgz"
  dependencies:
    remove-trailing-separator "^1.0.1"

normalize-path@^3.0.0:
  version "3.0.0"
  resolved "https://registry.npmjs.org/normalize-path/-/normalize-path-3.0.0.tgz"

nx@13.7.1:
  version "13.7.1"
  resolved "https://registry.npmjs.org/nx/-/nx-13.7.1.tgz"
  dependencies:
    "@nrwl/cli" "13.7.1"

object-assign@^4, object-assign@latest:
  version "4.1.1"
  resolved "https://registry.npmjs.org/object-assign/-/object-assign-4.1.1.tgz"

object-copy@^0.1.0:
  version "0.1.0"
  resolved "https://registry.npmjs.org/object-copy/-/object-copy-0.1.0.tgz"
  dependencies:
    copy-descriptor "^0.1.0"
    define-property "^0.2.5"
    kind-of "^3.0.3"

object-visit@^1.0.0:
  version "1.0.1"
  resolved "https://registry.npmjs.org/object-visit/-/object-visit-1.0.1.tgz"
  dependencies:
    isobject "^3.0.0"

object.pick@^1.3.0:
  version "1.3.0"
  resolved "https://registry.npmjs.org/object.pick/-/object.pick-1.3.0.tgz"
  dependencies:
    isobject "^3.0.1"

on-finished@2.4.1:
  version "2.4.1"
  resolved "https://registry.npmjs.org/on-finished/-/on-finished-2.4.1.tgz"
  dependencies:
    ee-first "1.1.1"

on-finished@~2.3.0:
  version "2.3.0"
  resolved "https://registry.npmjs.org/on-finished/-/on-finished-2.3.0.tgz"
  dependencies:
    ee-first "1.1.1"

on-headers@~1.0.2:
  version "1.0.2"
  resolved "https://registry.npmjs.org/on-headers/-/on-headers-1.0.2.tgz"

once@^1.3.0:
  version "1.4.0"
  resolved "https://registry.npmjs.org/once/-/once-1.4.0.tgz"
  dependencies:
    wrappy "1"

opn@latest:
  version "6.0.0"
  resolved "https://registry.npmjs.org/opn/-/opn-6.0.0.tgz"
  dependencies:
    is-wsl "^1.1.0"

parseurl@~1.3.2, parseurl@~1.3.3:
  version "1.3.3"
  resolved "https://registry.npmjs.org/parseurl/-/parseurl-1.3.3.tgz"

pascalcase@^0.1.1:
  version "0.1.1"
  resolved "https://registry.npmjs.org/pascalcase/-/pascalcase-0.1.1.tgz"

path-dirname@^1.0.0:
  version "1.0.2"
  resolved "https://registry.npmjs.org/path-dirname/-/path-dirname-1.0.2.tgz"

path-is-absolute@^1.0.0:
  version "1.0.1"
  resolved "https://registry.npmjs.org/path-is-absolute/-/path-is-absolute-1.0.1.tgz"

pause-stream@0.0.11:
  version "0.0.11"
  resolved "https://registry.npmjs.org/pause-stream/-/pause-stream-0.0.11.tgz"
  dependencies:
    through "~2.3"

picomatch@^2.3.1:
  version "2.3.1"
  resolved "https://registry.npmjs.org/picomatch/-/picomatch-2.3.1.tgz"

posix-character-classes@^0.1.0:
  version "0.1.1"
  resolved "https://registry.npmjs.org/posix-character-classes/-/posix-character-classes-0.1.1.tgz"

process-nextick-args@~2.0.0:
  version "2.0.1"
  resolved "https://registry.npmjs.org/process-nextick-args/-/process-nextick-args-2.0.1.tgz"

proxy-middleware@latest:
  version "0.15.0"
  resolved "https://registry.npmjs.org/proxy-middleware/-/proxy-middleware-0.15.0.tgz"

pts@^0.11.1:
  version "0.11.1"
  resolved "https://registry.npmjs.org/pts/-/pts-0.11.1.tgz"
  optionalDependencies:
    "@nrwl/cli" "13.7.1"

queue-microtask@^1.2.2:
  version "1.2.3"
  resolved "https://registry.npmjs.org/queue-microtask/-/queue-microtask-1.2.3.tgz"

range-parser@~1.2.1:
  version "1.2.1"
  resolved "https://registry.npmjs.org/range-parser/-/range-parser-1.2.1.tgz"

readable-stream@^2.0.2:
  version "2.3.7"
  resolved "https://registry.npmjs.org/readable-stream/-/readable-stream-2.3.7.tgz"
  dependencies:
    core-util-is "~1.0.0"
    inherits "~2.0.3"
    isarray "~1.0.0"
    process-nextick-args "~2.0.0"
    safe-buffer "~5.1.1"
    string_decoder "~1.1.1"
    util-deprecate "~1.0.1"

readdirp@^2.2.1:
  version "2.2.1"
  resolved "https://registry.npmjs.org/readdirp/-/readdirp-2.2.1.tgz"
  dependencies:
    graceful-fs "^4.1.11"
    micromatch "^3.1.10"
    readable-stream "^2.0.2"

regex-not@^1.0.0, regex-not@^1.0.2:
  version "1.0.2"
  resolved "https://registry.npmjs.org/regex-not/-/regex-not-1.0.2.tgz"
  dependencies:
    extend-shallow "^3.0.2"
    safe-regex "^1.1.0"

remove-trailing-separator@^1.0.1:
  version "1.1.0"
  resolved "https://registry.npmjs.org/remove-trailing-separator/-/remove-trailing-separator-1.1.0.tgz"

repeat-element@^1.1.2:
  version "1.1.4"
  resolved "https://registry.npmjs.org/repeat-element/-/repeat-element-1.1.4.tgz"

repeat-string@^1.6.1:
  version "1.6.1"
  resolved "https://registry.npmjs.org/repeat-string/-/repeat-string-1.6.1.tgz"

resolve-url@^0.2.1:
  version "0.2.1"
  resolved "https://registry.npmjs.org/resolve-url/-/resolve-url-0.2.1.tgz"

ret@~0.1.10:
  version "0.1.15"
  resolved "https://registry.npmjs.org/ret/-/ret-0.1.15.tgz"

reusify@^1.0.4:
  version "1.0.4"
  resolved "https://registry.npmjs.org/reusify/-/reusify-1.0.4.tgz"

rimraf@^3.0.0:
  version "3.0.2"
  resolved "https://registry.npmjs.org/rimraf/-/rimraf-3.0.2.tgz"
  dependencies:
    glob "^7.1.3"

run-parallel@^1.1.9:
  version "1.2.0"
  resolved "https://registry.npmjs.org/run-parallel/-/run-parallel-1.2.0.tgz"
  dependencies:
    queue-microtask "^1.2.2"

rxjs-for-await@0.0.2:
  version "0.0.2"
  resolved "https://registry.npmjs.org/rxjs-for-await/-/rxjs-for-await-0.0.2.tgz"

rxjs@^6.5.4:
  version "6.6.7"
  resolved "https://registry.npmjs.org/rxjs/-/rxjs-6.6.7.tgz"
  dependencies:
    tslib "^1.9.0"

safe-buffer@5.1.2, safe-buffer@>=5.1.0, safe-buffer@~5.1.0, safe-buffer@~5.1.1:
  version "5.1.2"
  resolved "https://registry.npmjs.org/safe-buffer/-/safe-buffer-5.1.2.tgz"

safe-regex@^1.1.0:
  version "1.1.0"
  resolved "https://registry.npmjs.org/safe-regex/-/safe-regex-1.1.0.tgz"
  dependencies:
    ret "~0.1.10"

semver@7.3.4:
  version "7.3.4"
  resolved "https://registry.npmjs.org/semver/-/semver-7.3.4.tgz"
  dependencies:
    lru-cache "^6.0.0"

send@latest:
  version "0.18.0"
  resolved "https://registry.npmjs.org/send/-/send-0.18.0.tgz"
  dependencies:
    debug "2.6.9"
    depd "2.0.0"
    destroy "1.2.0"
    encodeurl "~1.0.2"
    escape-html "~1.0.3"
    etag "~1.8.1"
    fresh "0.5.2"
    http-errors "2.0.0"
    mime "1.6.0"
    ms "2.1.3"
    on-finished "2.4.1"
    range-parser "~1.2.1"
    statuses "2.0.1"

serve-index@^1.9.1:
  version "1.9.1"
  resolved "https://registry.npmjs.org/serve-index/-/serve-index-1.9.1.tgz"
  dependencies:
    accepts "~1.3.4"
    batch "0.6.1"
    debug "2.6.9"
    escape-html "~1.0.3"
    http-errors "~1.6.2"
    mime-types "~2.1.17"
    parseurl "~1.3.2"

set-value@^2.0.0, set-value@^2.0.1:
  version "2.0.1"
  resolved "https://registry.npmjs.org/set-value/-/set-value-2.0.1.tgz"
  dependencies:
    extend-shallow "^2.0.1"
    is-extendable "^0.1.1"
    is-plain-object "^2.0.3"
    split-string "^3.0.1"

setprototypeof@1.1.0:
  version "1.1.0"
  resolved "https://registry.npmjs.org/setprototypeof/-/setprototypeof-1.1.0.tgz"

setprototypeof@1.2.0:
  version "1.2.0"
  resolved "https://registry.npmjs.org/setprototypeof/-/setprototypeof-1.2.0.tgz"

snapdragon-node@^2.0.1:
  version "2.1.1"
  resolved "https://registry.npmjs.org/snapdragon-node/-/snapdragon-node-2.1.1.tgz"
  dependencies:
    define-property "^1.0.0"
    isobject "^3.0.0"
    snapdragon-util "^3.0.1"

snapdragon-util@^3.0.1:
  version "3.0.1"
  resolved "https://registry.npmjs.org/snapdragon-util/-/snapdragon-util-3.0.1.tgz"
  dependencies:
    kind-of "^3.2.0"

snapdragon@^0.8.1:
  version "0.8.2"
  resolved "https://registry.npmjs.org/snapdragon/-/snapdragon-0.8.2.tgz"
  dependencies:
    base "^0.11.1"
    debug "^2.2.0"
    define-property "^0.2.5"
    extend-shallow "^2.0.1"
    map-cache "^0.2.2"
    source-map "^0.5.6"
    source-map-resolve "^0.5.0"
    use "^3.1.0"

source-map-resolve@^0.5.0:
  version "0.5.3"
  resolved "https://registry.npmjs.org/source-map-resolve/-/source-map-resolve-0.5.3.tgz"
  dependencies:
    atob "^2.1.2"
    decode-uri-component "^0.2.0"
    resolve-url "^0.2.1"
    source-map-url "^0.4.0"
    urix "^0.1.0"

source-map-url@^0.4.0:
  version "0.4.1"
  resolved "https://registry.npmjs.org/source-map-url/-/source-map-url-0.4.1.tgz"

source-map@^0.5.6:
  version "0.5.7"
  resolved "https://registry.npmjs.org/source-map/-/source-map-0.5.7.tgz"

split-string@^3.0.1, split-string@^3.0.2:
  version "3.1.0"
  resolved "https://registry.npmjs.org/split-string/-/split-string-3.1.0.tgz"
  dependencies:
    extend-shallow "^3.0.0"

split@0.3:
  version "0.3.3"
  resolved "https://registry.npmjs.org/split/-/split-0.3.3.tgz"
  dependencies:
    through "2"

static-extend@^0.1.1:
  version "0.1.2"
  resolved "https://registry.npmjs.org/static-extend/-/static-extend-0.1.2.tgz"
  dependencies:
    define-property "^0.2.5"
    object-copy "^0.1.0"

statuses@2.0.1:
  version "2.0.1"
  resolved "https://registry.npmjs.org/statuses/-/statuses-2.0.1.tgz"

"statuses@>= 1.4.0 < 2", statuses@~1.5.0:
  version "1.5.0"
  resolved "https://registry.npmjs.org/statuses/-/statuses-1.5.0.tgz"

stream-combiner@~0.0.4:
  version "0.0.4"
  resolved "https://registry.npmjs.org/stream-combiner/-/stream-combiner-0.0.4.tgz"
  dependencies:
    duplexer "~0.1.1"

string_decoder@~1.1.1:
  version "1.1.1"
  resolved "https://registry.npmjs.org/string_decoder/-/string_decoder-1.1.1.tgz"
  dependencies:
    safe-buffer "~5.1.0"

supports-color@^7.1.0:
  version "7.2.0"
  resolved "https://registry.npmjs.org/supports-color/-/supports-color-7.2.0.tgz"
  dependencies:
    has-flag "^4.0.0"

through@2, through@~2.3, through@~2.3.1:
  version "2.3.8"
  resolved "https://registry.npmjs.org/through/-/through-2.3.8.tgz"

tmp@~0.2.1:
  version "0.2.1"
  resolved "https://registry.npmjs.org/tmp/-/tmp-0.2.1.tgz"
  dependencies:
    rimraf "^3.0.0"

to-object-path@^0.3.0:
  version "0.3.0"
  resolved "https://registry.npmjs.org/to-object-path/-/to-object-path-0.3.0.tgz"
  dependencies:
    kind-of "^3.0.2"

to-regex-range@^2.1.0:
  version "2.1.1"
  resolved "https://registry.npmjs.org/to-regex-range/-/to-regex-range-2.1.1.tgz"
  dependencies:
    is-number "^3.0.0"
    repeat-string "^1.6.1"

to-regex-range@^5.0.1:
  version "5.0.1"
  resolved "https://registry.npmjs.org/to-regex-range/-/to-regex-range-5.0.1.tgz"
  dependencies:
    is-number "^7.0.0"

to-regex@^3.0.1, to-regex@^3.0.2:
  version "3.0.2"
  resolved "https://registry.npmjs.org/to-regex/-/to-regex-3.0.2.tgz"
  dependencies:
    define-property "^2.0.2"
    extend-shallow "^3.0.2"
    regex-not "^1.0.2"
    safe-regex "^1.1.0"

toidentifier@1.0.1:
  version "1.0.1"
  resolved "https://registry.npmjs.org/toidentifier/-/toidentifier-1.0.1.tgz"

tslib@^1.9.0:
  version "1.14.1"
  resolved "https://registry.npmjs.org/tslib/-/tslib-1.14.1.tgz"

tslib@^2.3.0:
  version "2.4.0"
  resolved "https://registry.npmjs.org/tslib/-/tslib-2.4.0.tgz"

union-value@^1.0.0:
  version "1.0.1"
  resolved "https://registry.npmjs.org/union-value/-/union-value-1.0.1.tgz"
  dependencies:
    arr-union "^3.1.0"
    get-value "^2.0.6"
    is-extendable "^0.1.1"
    set-value "^2.0.1"

universalify@^2.0.0:
  version "2.0.0"
  resolved "https://registry.npmjs.org/universalify/-/universalify-2.0.0.tgz"

unix-crypt-td-js@^1.1.4:
  version "1.1.4"
  resolved "https://registry.npmjs.org/unix-crypt-td-js/-/unix-crypt-td-js-1.1.4.tgz"

unpipe@~1.0.0:
  version "1.0.0"
  resolved "https://registry.npmjs.org/unpipe/-/unpipe-1.0.0.tgz"

unset-value@^1.0.0:
  version "1.0.0"
  resolved "https://registry.npmjs.org/unset-value/-/unset-value-1.0.0.tgz"
  dependencies:
    has-value "^0.3.1"
    isobject "^3.0.0"

upath@^1.1.1:
  version "1.2.0"
  resolved "https://registry.npmjs.org/upath/-/upath-1.2.0.tgz"

urix@^0.1.0:
  version "0.1.0"
  resolved "https://registry.npmjs.org/urix/-/urix-0.1.0.tgz"

use@^3.1.0:
  version "3.1.1"
  resolved "https://registry.npmjs.org/use/-/use-3.1.1.tgz"

util-deprecate@~1.0.1:
  version "1.0.2"
  resolved "https://registry.npmjs.org/util-deprecate/-/util-deprecate-1.0.2.tgz"

utils-merge@1.0.1:
  version "1.0.1"
  resolved "https://registry.npmjs.org/utils-merge/-/utils-merge-1.0.1.tgz"

uuid@^3.0.0:
  version "3.4.0"
  resolved "https://registry.npmjs.org/uuid/-/uuid-3.4.0.tgz"

v8-compile-cache@2.3.0:
  version "2.3.0"
  resolved "https://registry.npmjs.org/v8-compile-cache/-/v8-compile-cache-2.3.0.tgz"

vary@^1:
  version "1.1.2"
  resolved "https://registry.npmjs.org/vary/-/vary-1.1.2.tgz"

websocket-driver@>=0.5.1:
  version "0.7.4"
  resolved "https://registry.npmjs.org/websocket-driver/-/websocket-driver-0.7.4.tgz"
  dependencies:
    http-parser-js ">=0.5.1"
    safe-buffer ">=5.1.0"
    websocket-extensions ">=0.1.1"

websocket-extensions@>=0.1.1:
  version "0.1.4"
  resolved "https://registry.npmjs.org/websocket-extensions/-/websocket-extensions-0.1.4.tgz"

wrappy@1:
  version "1.0.2"
  resolved "https://registry.npmjs.org/wrappy/-/wrappy-1.0.2.tgz"

yallist@^4.0.0:
  version "4.0.0"
  resolved "https://registry.npmjs.org/yallist/-/yallist-4.0.0.tgz"

yargs-parser@20.0.0:
  version "20.0.0"
  resolved "https://registry.npmjs.org/yargs-parser/-/yargs-parser-20.0.0.tgz"
